
Microsoft Visual Studio Solution File, Format Version 12.00
# Visual Studio Version 17
VisualStudioVersion = 17.9.34714.143
MinimumVisualStudioVersion = 10.0.40219.1
Project("{9A19103F-16F7-4668-BE54-9A1E7A4F7556}") = "Log4ALA", "Log4ALA\Log4ALA.csproj", "{D6353B8E-8A48-4282-8FF6-BA9D16295D6A}"
EndProject
Project("{2150E333-8FDC-42A3-9474-1A3956D46DE8}") = "misc", "misc", "{2E777CA1-0282-486A-AB6A-7EC2277ECDDD}"
	ProjectSection(SolutionItems) = preProject
		.gitattributes = .gitattributes
		.gitignore = .gitignore
		LICENSE = LICENSE
		README.md = README.md
	EndProjectSection
EndProject
Project("{2150E333-8FDC-42A3-9474-1A3956D46DE8}") = "build", "build", "{D4EE647D-418C-4F09-B8CF-273C28D0AC1E}"
	ProjectSection(SolutionItems) = preProject
		NuGet\build.bat = NuGet\build.bat
		NuGet\build.proj = NuGet\build.proj
		NuGet\build.tasks = NuGet\build.tasks
		NuGet\Log4ALA.Core\Log4ALA.core.nuspec = NuGet\Log4ALA.Core\Log4ALA.core.nuspec
		NuGet\Log4ALA\Log4ALA.nuspec = NuGet\Log4ALA\Log4ALA.nuspec
		NuGet\nugetPush.bat = NuGet\nugetPush.bat
	EndProjectSection
EndProject
Global
	GlobalSection(SolutionConfigurationPlatforms) = preSolution
		Debug|Any CPU = Debug|Any CPU
		net45|Any CPU = net45|Any CPU
		net451|Any CPU = net451|Any CPU
		net452|Any CPU = net452|Any CPU
		net46|Any CPU = net46|Any CPU
		net461|Any CPU = net461|Any CPU
		Release|Any CPU = Release|Any CPU
	EndGlobalSection
	GlobalSection(ProjectConfigurationPlatforms) = postSolution
		{D6353B8E-8A48-4282-8FF6-BA9D16295D6A}.Debug|Any CPU.ActiveCfg = Debug|Any CPU
		{D6353B8E-8A48-4282-8FF6-BA9D16295D6A}.Debug|Any CPU.Build.0 = Debug|Any CPU
		{D6353B8E-8A48-4282-8FF6-BA9D16295D6A}.net45|Any CPU.ActiveCfg = Release|Any CPU
		{D6353B8E-8A48-4282-8FF6-BA9D16295D6A}.net45|Any CPU.Build.0 = Release|Any CPU
		{D6353B8E-8A48-4282-8FF6-BA9D16295D6A}.net451|Any CPU.ActiveCfg = Release|Any CPU
		{D6353B8E-8A48-4282-8FF6-BA9D16295D6A}.net451|Any CPU.Build.0 = Release|Any CPU
		{D6353B8E-8A48-4282-8FF6-BA9D16295D6A}.net452|Any CPU.ActiveCfg = Release|Any CPU
		{D6353B8E-8A48-4282-8FF6-BA9D16295D6A}.net452|Any CPU.Build.0 = Release|Any CPU
		{D6353B8E-8A48-4282-8FF6-BA9D16295D6A}.net46|Any CPU.ActiveCfg = Release|Any CPU
		{D6353B8E-8A48-4282-8FF6-BA9D16295D6A}.net46|Any CPU.Build.0 = Release|Any CPU
		{D6353B8E-8A48-4282-8FF6-BA9D16295D6A}.net461|Any CPU.ActiveCfg = Release|Any CPU
		{D6353B8E-8A48-4282-8FF6-BA9D16295D6A}.net461|Any CPU.Build.0 = Release|Any CPU
		{D6353B8E-8A48-4282-8FF6-BA9D16295D6A}.Release|Any CPU.ActiveCfg = Release|Any CPU
		{D6353B8E-8A48-4282-8FF6-BA9D16295D6A}.Release|Any CPU.Build.0 = Release|Any CPU
	EndGlobalSection
	GlobalSection(SolutionProperties) = preSolution
		HideSolutionNode = FALSE
	EndGlobalSection
	GlobalSection(ExtensibilityGlobals) = postSolution
		SolutionGuid = {8C875313-2F8A-479E-A2B7-4C8032758EDD}
	EndGlobalSection
EndGlobal
