
Microsoft Visual Studio Solution File, Format Version 12.00
# Visual Studio 14
VisualStudioVersion = 14.0.25420.1
MinimumVisualStudioVersion = 10.0.40219.1
Project("{FAE04EC0-301F-11D3-BF4B-00C04F79EFBC}") = "Log4ALA", "Log4ALA\Log4ALA.csproj", "{D6353B8E-8A48-4282-8FF6-BA9D16295D6A}"
EndProject
Project("{FAE04EC0-301F-11D3-BF4B-00C04F79EFBC}") = "Log4ALATest", "Log4ALATest\Log4ALATest.csproj", "{3C0C159D-A18E-4258-9A34-086DCF05A0EE}"
EndProject
Global
	GlobalSection(SolutionConfigurationPlatforms) = preSolution
		#net40|Any CPU = net40|Any CPU
		net45|Any CPU = net45|Any CPU
		net452|Any CPU = net452|Any CPU
	EndGlobalSection
	GlobalSection(ProjectConfigurationPlatforms) = postSolution
		#{D6353B8E-8A48-4282-8FF6-BA9D16295D6A}.net40|Any CPU.ActiveCfg = net40|Any CPU
		#{D6353B8E-8A48-4282-8FF6-BA9D16295D6A}.net40|Any CPU.Build.0 = net40|Any CPU
		{D6353B8E-8A48-4282-8FF6-BA9D16295D6A}.net45|Any CPU.ActiveCfg = net45|Any CPU
		{D6353B8E-8A48-4282-8FF6-BA9D16295D6A}.net45|Any CPU.Build.0 = net45|Any CPU
		{D6353B8E-8A48-4282-8FF6-BA9D16295D6A}.net452|Any CPU.ActiveCfg = net452|Any CPU
		{D6353B8E-8A48-4282-8FF6-BA9D16295D6A}.net452|Any CPU.Build.0 = net452|Any CPU
		#{3C0C159D-A18E-4258-9A34-086DCF05A0EE}.net40|Any CPU.ActiveCfg = net452|Any CPU
		{3C0C159D-A18E-4258-9A34-086DCF05A0EE}.net45|Any CPU.ActiveCfg = net452|Any CPU
		{3C0C159D-A18E-4258-9A34-086DCF05A0EE}.net452|Any CPU.ActiveCfg = net452|Any CPU
		{3C0C159D-A18E-4258-9A34-086DCF05A0EE}.net452|Any CPU.Build.0 = net452|Any CPU
	EndGlobalSection
	GlobalSection(SolutionProperties) = preSolution
		HideSolutionNode = FALSE
	EndGlobalSection
EndGlobal
