
Microsoft Visual Studio Solution File, Format Version 12.00
# Visual Studio 14
VisualStudioVersion = 14.0.25420.1
MinimumVisualStudioVersion = 10.0.40219.1
Project("{FAE04EC0-301F-11D3-BF4B-00C04F79EFBC}") = "Log4ALA", "Log4ALA\Log4ALA.csproj", "{D6353B8E-8A48-4282-8FF6-BA9D16295D6A}"
EndProject
Project("{FAE04EC0-301F-11D3-BF4B-00C04F79EFBC}") = "Log4ALATest", "Log4ALATest\Log4ALATest.csproj", "{3C0C159D-A18E-4258-9A34-086DCF05A0EE}"
EndProject
Global
	GlobalSection(SolutionConfigurationPlatforms) = preSolution
		Debug|Any CPU = Debug|Any CPU
		Release|Any CPU = Release|Any CPU
	EndGlobalSection
	GlobalSection(ProjectConfigurationPlatforms) = postSolution
		{D6353B8E-8A48-4282-8FF6-BA9D16295D6A}.Debug|Any CPU.ActiveCfg = Debug|Any CPU
		{D6353B8E-8A48-4282-8FF6-BA9D16295D6A}.Debug|Any CPU.Build.0 = Debug|Any CPU
		{D6353B8E-8A48-4282-8FF6-BA9D16295D6A}.Release|Any CPU.ActiveCfg = Release|Any CPU
		{D6353B8E-8A48-4282-8FF6-BA9D16295D6A}.Release|Any CPU.Build.0 = Release|Any CPU
		{3C0C159D-A18E-4258-9A34-086DCF05A0EE}.Debug|Any CPU.ActiveCfg = Debug|Any CPU
		{3C0C159D-A18E-4258-9A34-086DCF05A0EE}.Debug|Any CPU.Build.0 = Debug|Any CPU
		{3C0C159D-A18E-4258-9A34-086DCF05A0EE}.Release|Any CPU.ActiveCfg = Release|Any CPU
		{3C0C159D-A18E-4258-9A34-086DCF05A0EE}.Release|Any CPU.Build.0 = Release|Any CPU
	EndGlobalSection
	GlobalSection(SolutionProperties) = preSolution
		HideSolutionNode = FALSE
	EndGlobalSection
EndGlobal
